// !$*UTF8*$!
{
	archiveVersion = 1;
	classes = {
	};
	objectVersion = 56;
	objects = {

/* Begin PBXBuildFile section */
		146791AE2AB5541200C0A39B /* MKCoordinateRegion+Extensions.swift in Sources */ = {isa = PBXBuildFile; fileRef = 146791AD2AB5541100C0A39B /* MKCoordinateRegion+Extensions.swift */; };
		146791B12AB55E6400C0A39B /* SFSymbols.swift in Sources */ = {isa = PBXBuildFile; fileRef = 146791B02AB55E6400C0A39B /* SFSymbols.swift */; };
		146791B52AB5673C00C0A39B /* MapOptions.swift in Sources */ = {isa = PBXBuildFile; fileRef = 146791B42AB5673C00C0A39B /* MapOptions.swift */; };
		146791B72AB57CFD00C0A39B /* MapUtilities.swift in Sources */ = {isa = PBXBuildFile; fileRef = 146791B62AB57CFD00C0A39B /* MapUtilities.swift */; };
		147419342AB37E0300D94C56 /* WhereIsItApp.swift in Sources */ = {isa = PBXBuildFile; fileRef = 147419332AB37E0300D94C56 /* WhereIsItApp.swift */; };
		147419362AB37E0300D94C56 /* ContentView.swift in Sources */ = {isa = PBXBuildFile; fileRef = 147419352AB37E0300D94C56 /* ContentView.swift */; };
		147419382AB37E0A00D94C56 /* Assets.xcassets in Resources */ = {isa = PBXBuildFile; fileRef = 147419372AB37E0A00D94C56 /* Assets.xcassets */; };
		1474193B2AB37E0A00D94C56 /* Preview Assets.xcassets in Resources */ = {isa = PBXBuildFile; fileRef = 1474193A2AB37E0A00D94C56 /* Preview Assets.xcassets */; };
		147419432AB37FA600D94C56 /* CLLocationCoordinate2D+Extensions.swift in Sources */ = {isa = PBXBuildFile; fileRef = 147419422AB37FA600D94C56 /* CLLocationCoordinate2D+Extensions.swift */; };
		147419452AB3AFAC00D94C56 /* LocationManager.swift in Sources */ = {isa = PBXBuildFile; fileRef = 147419442AB3AFAC00D94C56 /* LocationManager.swift */; };
		14DA031F2ABB93DB00A9E9FC /* PlacesView.swift in Sources */ = {isa = PBXBuildFile; fileRef = 14DA031E2ABB93DB00A9E9FC /* PlacesView.swift */; };
		14DA03222ABBA23800A9E9FC /* PreviewMock.swift in Sources */ = {isa = PBXBuildFile; fileRef = 14DA03212ABBA23800A9E9FC /* PreviewMock.swift */; };
		14DA03262ABBE3CC00A9E9FC /* SearchOptions.swift in Sources */ = {isa = PBXBuildFile; fileRef = 14DA03252ABBE3CC00A9E9FC /* SearchOptions.swift */; };
		14DA03282ABBE98B00A9E9FC /* SearchBarView.swift in Sources */ = {isa = PBXBuildFile; fileRef = 14DA03272ABBE98B00A9E9FC /* SearchBarView.swift */; };
		14DA032A2ABBEBD000A9E9FC /* PlaceListView.swift in Sources */ = {isa = PBXBuildFile; fileRef = 14DA03292ABBEBD000A9E9FC /* PlaceListView.swift */; };
		14DA032C2ABBF3ED00A9E9FC /* MeasurementFormatter+Extensions.swift in Sources */ = {isa = PBXBuildFile; fileRef = 14DA032B2ABBF3ED00A9E9FC /* MeasurementFormatter+Extensions.swift */; };
		14DA032E2ABC8F2200A9E9FC /* SelectedPlaceDetailView.swift in Sources */ = {isa = PBXBuildFile; fileRef = 14DA032D2ABC8F2200A9E9FC /* SelectedPlaceDetailView.swift */; };
		14DA03302ABD33EB00A9E9FC /* ActionButtons.swift in Sources */ = {isa = PBXBuildFile; fileRef = 14DA032F2ABD33EB00A9E9FC /* ActionButtons.swift */; };
/* End PBXBuildFile section */

/* Begin PBXFileReference section */
		146791AD2AB5541100C0A39B /* MKCoordinateRegion+Extensions.swift */ = {isa = PBXFileReference; lastKnownFileType = sourcecode.swift; path = "MKCoordinateRegion+Extensions.swift"; sourceTree = "<group>"; };
		146791B02AB55E6400C0A39B /* SFSymbols.swift */ = {isa = PBXFileReference; lastKnownFileType = sourcecode.swift; path = SFSymbols.swift; sourceTree = "<group>"; };
		146791B42AB5673C00C0A39B /* MapOptions.swift */ = {isa = PBXFileReference; lastKnownFileType = sourcecode.swift; path = MapOptions.swift; sourceTree = "<group>"; };
		146791B62AB57CFD00C0A39B /* MapUtilities.swift */ = {isa = PBXFileReference; lastKnownFileType = sourcecode.swift; path = MapUtilities.swift; sourceTree = "<group>"; };
		147419302AB37E0300D94C56 /* WhereIsIt.app */ = {isa = PBXFileReference; explicitFileType = wrapper.application; includeInIndex = 0; path = WhereIsIt.app; sourceTree = BUILT_PRODUCTS_DIR; };
		147419332AB37E0300D94C56 /* WhereIsItApp.swift */ = {isa = PBXFileReference; lastKnownFileType = sourcecode.swift; path = WhereIsItApp.swift; sourceTree = "<group>"; };
		147419352AB37E0300D94C56 /* ContentView.swift */ = {isa = PBXFileReference; lastKnownFileType = sourcecode.swift; path = ContentView.swift; sourceTree = "<group>"; };
		147419372AB37E0A00D94C56 /* Assets.xcassets */ = {isa = PBXFileReference; lastKnownFileType = folder.assetcatalog; path = Assets.xcassets; sourceTree = "<group>"; };
		1474193A2AB37E0A00D94C56 /* Preview Assets.xcassets */ = {isa = PBXFileReference; lastKnownFileType = folder.assetcatalog; path = "Preview Assets.xcassets"; sourceTree = "<group>"; };
		147419422AB37FA600D94C56 /* CLLocationCoordinate2D+Extensions.swift */ = {isa = PBXFileReference; lastKnownFileType = sourcecode.swift; path = "CLLocationCoordinate2D+Extensions.swift"; sourceTree = "<group>"; };
		147419442AB3AFAC00D94C56 /* LocationManager.swift */ = {isa = PBXFileReference; lastKnownFileType = sourcecode.swift; path = LocationManager.swift; sourceTree = "<group>"; };
		14DA031E2ABB93DB00A9E9FC /* PlacesView.swift */ = {isa = PBXFileReference; lastKnownFileType = sourcecode.swift; path = PlacesView.swift; sourceTree = "<group>"; };
		14DA03212ABBA23800A9E9FC /* PreviewMock.swift */ = {isa = PBXFileReference; lastKnownFileType = sourcecode.swift; path = PreviewMock.swift; sourceTree = "<group>"; };
		14DA03252ABBE3CC00A9E9FC /* SearchOptions.swift */ = {isa = PBXFileReference; lastKnownFileType = sourcecode.swift; path = SearchOptions.swift; sourceTree = "<group>"; };
		14DA03272ABBE98B00A9E9FC /* SearchBarView.swift */ = {isa = PBXFileReference; lastKnownFileType = sourcecode.swift; path = SearchBarView.swift; sourceTree = "<group>"; };
		14DA03292ABBEBD000A9E9FC /* PlaceListView.swift */ = {isa = PBXFileReference; lastKnownFileType = sourcecode.swift; path = PlaceListView.swift; sourceTree = "<group>"; };
		14DA032B2ABBF3ED00A9E9FC /* MeasurementFormatter+Extensions.swift */ = {isa = PBXFileReference; lastKnownFileType = sourcecode.swift; path = "MeasurementFormatter+Extensions.swift"; sourceTree = "<group>"; };
		14DA032D2ABC8F2200A9E9FC /* SelectedPlaceDetailView.swift */ = {isa = PBXFileReference; lastKnownFileType = sourcecode.swift; path = SelectedPlaceDetailView.swift; sourceTree = "<group>"; };
		14DA032F2ABD33EB00A9E9FC /* ActionButtons.swift */ = {isa = PBXFileReference; lastKnownFileType = sourcecode.swift; path = ActionButtons.swift; sourceTree = "<group>"; };
/* End PBXFileReference section */

/* Begin PBXFrameworksBuildPhase section */
		1474192D2AB37E0300D94C56 /* Frameworks */ = {
			isa = PBXFrameworksBuildPhase;
			buildActionMask = 2147483647;
			files = (
			);
			runOnlyForDeploymentPostprocessing = 0;
		};
/* End PBXFrameworksBuildPhase section */

/* Begin PBXGroup section */
		146791AF2AB55E5300C0A39B /* SF Symbols */ = {
			isa = PBXGroup;
			children = (
				146791B02AB55E6400C0A39B /* SFSymbols.swift */,
			);
			path = "SF Symbols";
			sourceTree = "<group>";
		};
		146791B22AB55F3800C0A39B /* Application */ = {
			isa = PBXGroup;
			children = (
				147419332AB37E0300D94C56 /* WhereIsItApp.swift */,
				147419352AB37E0300D94C56 /* ContentView.swift */,
			);
			path = Application;
			sourceTree = "<group>";
		};
		146791B32AB5673100C0A39B /* Supporting Files */ = {
			isa = PBXGroup;
			children = (
				146791B42AB5673C00C0A39B /* MapOptions.swift */,
				146791B62AB57CFD00C0A39B /* MapUtilities.swift */,
			);
			path = "Supporting Files";
			sourceTree = "<group>";
		};
		147419272AB37E0300D94C56 = {
			isa = PBXGroup;
			children = (
				147419322AB37E0300D94C56 /* WhereIsIt */,
				147419312AB37E0300D94C56 /* Products */,
			);
			sourceTree = "<group>";
		};
		147419312AB37E0300D94C56 /* Products */ = {
			isa = PBXGroup;
			children = (
				147419302AB37E0300D94C56 /* WhereIsIt.app */,
			);
			name = Products;
			sourceTree = "<group>";
		};
		147419322AB37E0300D94C56 /* WhereIsIt */ = {
			isa = PBXGroup;
			children = (
				14DA03202ABBA22600A9E9FC /* Mock */,
				147419462AB3B30800D94C56 /* Manager */,
				146791B22AB55F3800C0A39B /* Application */,
				14DA031D2ABB93CD00A9E9FC /* View */,
				146791B32AB5673100C0A39B /* Supporting Files */,
				146791AF2AB55E5300C0A39B /* SF Symbols */,
				147419412AB37F8E00D94C56 /* Extensions */,
				147419372AB37E0A00D94C56 /* Assets.xcassets */,
				147419392AB37E0A00D94C56 /* Preview Content */,
			);
			path = WhereIsIt;
			sourceTree = "<group>";
		};
		147419392AB37E0A00D94C56 /* Preview Content */ = {
			isa = PBXGroup;
			children = (
				1474193A2AB37E0A00D94C56 /* Preview Assets.xcassets */,
			);
			path = "Preview Content";
			sourceTree = "<group>";
		};
		147419412AB37F8E00D94C56 /* Extensions */ = {
			isa = PBXGroup;
			children = (
				147419422AB37FA600D94C56 /* CLLocationCoordinate2D+Extensions.swift */,
				146791AD2AB5541100C0A39B /* MKCoordinateRegion+Extensions.swift */,
				14DA032B2ABBF3ED00A9E9FC /* MeasurementFormatter+Extensions.swift */,
			);
			path = Extensions;
			sourceTree = "<group>";
		};
		147419462AB3B30800D94C56 /* Manager */ = {
			isa = PBXGroup;
			children = (
				147419442AB3AFAC00D94C56 /* LocationManager.swift */,
			);
			path = Manager;
			sourceTree = "<group>";
		};
		14DA031D2ABB93CD00A9E9FC /* View */ = {
			isa = PBXGroup;
			children = (
				14DA031E2ABB93DB00A9E9FC /* PlacesView.swift */,
				14DA03292ABBEBD000A9E9FC /* PlaceListView.swift */,
				14DA03252ABBE3CC00A9E9FC /* SearchOptions.swift */,
				14DA03272ABBE98B00A9E9FC /* SearchBarView.swift */,
				14DA032D2ABC8F2200A9E9FC /* SelectedPlaceDetailView.swift */,
				14DA032F2ABD33EB00A9E9FC /* ActionButtons.swift */,
			);
			path = View;
			sourceTree = "<group>";
		};
		14DA03202ABBA22600A9E9FC /* Mock */ = {
			isa = PBXGroup;
			children = (
				14DA03212ABBA23800A9E9FC /* PreviewMock.swift */,
			);
			path = Mock;
			sourceTree = "<group>";
		};
/* End PBXGroup section */

/* Begin PBXNativeTarget section */
		1474192F2AB37E0300D94C56 /* WhereIsIt */ = {
			isa = PBXNativeTarget;
			buildConfigurationList = 1474193E2AB37E0A00D94C56 /* Build configuration list for PBXNativeTarget "WhereIsIt" */;
			buildPhases = (
				1474192C2AB37E0300D94C56 /* Sources */,
				1474192D2AB37E0300D94C56 /* Frameworks */,
				1474192E2AB37E0300D94C56 /* Resources */,
			);
			buildRules = (
			);
			dependencies = (
			);
			name = WhereIsIt;
			productName = WhereIsIt;
			productReference = 147419302AB37E0300D94C56 /* WhereIsIt.app */;
			productType = "com.apple.product-type.application";
		};
/* End PBXNativeTarget section */

/* Begin PBXProject section */
		147419282AB37E0300D94C56 /* Project object */ = {
			isa = PBXProject;
			attributes = {
				BuildIndependentTargetsInParallel = 1;
				LastSwiftUpdateCheck = 1500;
				LastUpgradeCheck = 1500;
				TargetAttributes = {
					1474192F2AB37E0300D94C56 = {
						CreatedOnToolsVersion = 15.0;
					};
				};
			};
			buildConfigurationList = 1474192B2AB37E0300D94C56 /* Build configuration list for PBXProject "WhereIsIt" */;
			compatibilityVersion = "Xcode 14.0";
			developmentRegion = en;
			hasScannedForEncodings = 0;
			knownRegions = (
				en,
				Base,
			);
			mainGroup = 147419272AB37E0300D94C56;
			productRefGroup = 147419312AB37E0300D94C56 /* Products */;
			projectDirPath = "";
			projectRoot = "";
			targets = (
				1474192F2AB37E0300D94C56 /* WhereIsIt */,
			);
		};
/* End PBXProject section */

/* Begin PBXResourcesBuildPhase section */
		1474192E2AB37E0300D94C56 /* Resources */ = {
			isa = PBXResourcesBuildPhase;
			buildActionMask = 2147483647;
			files = (
				1474193B2AB37E0A00D94C56 /* Preview Assets.xcassets in Resources */,
				147419382AB37E0A00D94C56 /* Assets.xcassets in Resources */,
			);
			runOnlyForDeploymentPostprocessing = 0;
		};
/* End PBXResourcesBuildPhase section */

/* Begin PBXSourcesBuildPhase section */
		1474192C2AB37E0300D94C56 /* Sources */ = {
			isa = PBXSourcesBuildPhase;
			buildActionMask = 2147483647;
			files = (
				14DA03262ABBE3CC00A9E9FC /* SearchOptions.swift in Sources */,
				14DA03222ABBA23800A9E9FC /* PreviewMock.swift in Sources */,
				147419452AB3AFAC00D94C56 /* LocationManager.swift in Sources */,
				147419432AB37FA600D94C56 /* CLLocationCoordinate2D+Extensions.swift in Sources */,
				14DA03282ABBE98B00A9E9FC /* SearchBarView.swift in Sources */,
				146791B12AB55E6400C0A39B /* SFSymbols.swift in Sources */,
				14DA031F2ABB93DB00A9E9FC /* PlacesView.swift in Sources */,
				147419362AB37E0300D94C56 /* ContentView.swift in Sources */,
				146791B52AB5673C00C0A39B /* MapOptions.swift in Sources */,
				14DA032C2ABBF3ED00A9E9FC /* MeasurementFormatter+Extensions.swift in Sources */,
				147419342AB37E0300D94C56 /* WhereIsItApp.swift in Sources */,
				14DA03302ABD33EB00A9E9FC /* ActionButtons.swift in Sources */,
				14DA032A2ABBEBD000A9E9FC /* PlaceListView.swift in Sources */,
				146791AE2AB5541200C0A39B /* MKCoordinateRegion+Extensions.swift in Sources */,
				14DA032E2ABC8F2200A9E9FC /* SelectedPlaceDetailView.swift in Sources */,
				146791B72AB57CFD00C0A39B /* MapUtilities.swift in Sources */,
			);
			runOnlyForDeploymentPostprocessing = 0;
		};
/* End PBXSourcesBuildPhase section */

/* Begin XCBuildConfiguration section */
		1474193C2AB37E0A00D94C56 /* Debug */ = {
			isa = XCBuildConfiguration;
			buildSettings = {
				ALWAYS_SEARCH_USER_PATHS = NO;
				ASSETCATALOG_COMPILER_GENERATE_SWIFT_ASSET_SYMBOL_EXTENSIONS = YES;
				CLANG_ANALYZER_NONNULL = YES;
				CLANG_ANALYZER_NUMBER_OBJECT_CONVERSION = YES_AGGRESSIVE;
				CLANG_CXX_LANGUAGE_STANDARD = "gnu++20";
				CLANG_ENABLE_MODULES = YES;
				CLANG_ENABLE_OBJC_ARC = YES;
				CLANG_ENABLE_OBJC_WEAK = YES;
				CLANG_WARN_BLOCK_CAPTURE_AUTORELEASING = YES;
				CLANG_WARN_BOOL_CONVERSION = YES;
				CLANG_WARN_COMMA = YES;
				CLANG_WARN_CONSTANT_CONVERSION = YES;
				CLANG_WARN_DEPRECATED_OBJC_IMPLEMENTATIONS = YES;
				CLANG_WARN_DIRECT_OBJC_ISA_USAGE = YES_ERROR;
				CLANG_WARN_DOCUMENTATION_COMMENTS = YES;
				CLANG_WARN_EMPTY_BODY = YES;
				CLANG_WARN_ENUM_CONVERSION = YES;
				CLANG_WARN_INFINITE_RECURSION = YES;
				CLANG_WARN_INT_CONVERSION = YES;
				CLANG_WARN_NON_LITERAL_NULL_CONVERSION = YES;
				CLANG_WARN_OBJC_IMPLICIT_RETAIN_SELF = YES;
				CLANG_WARN_OBJC_LITERAL_CONVERSION = YES;
				CLANG_WARN_OBJC_ROOT_CLASS = YES_ERROR;
				CLANG_WARN_QUOTED_INCLUDE_IN_FRAMEWORK_HEADER = YES;
				CLANG_WARN_RANGE_LOOP_ANALYSIS = YES;
				CLANG_WARN_STRICT_PROTOTYPES = YES;
				CLANG_WARN_SUSPICIOUS_MOVE = YES;
				CLANG_WARN_UNGUARDED_AVAILABILITY = YES_AGGRESSIVE;
				CLANG_WARN_UNREACHABLE_CODE = YES;
				CLANG_WARN__DUPLICATE_METHOD_MATCH = YES;
				COPY_PHASE_STRIP = NO;
				DEBUG_INFORMATION_FORMAT = dwarf;
				ENABLE_STRICT_OBJC_MSGSEND = YES;
				ENABLE_TESTABILITY = YES;
				ENABLE_USER_SCRIPT_SANDBOXING = YES;
				GCC_C_LANGUAGE_STANDARD = gnu17;
				GCC_DYNAMIC_NO_PIC = NO;
				GCC_NO_COMMON_BLOCKS = YES;
				GCC_OPTIMIZATION_LEVEL = 0;
				GCC_PREPROCESSOR_DEFINITIONS = (
					"DEBUG=1",
					"$(inherited)",
				);
				GCC_WARN_64_TO_32_BIT_CONVERSION = YES;
				GCC_WARN_ABOUT_RETURN_TYPE = YES_ERROR;
				GCC_WARN_UNDECLARED_SELECTOR = YES;
				GCC_WARN_UNINITIALIZED_AUTOS = YES_AGGRESSIVE;
				GCC_WARN_UNUSED_FUNCTION = YES;
				GCC_WARN_UNUSED_VARIABLE = YES;
				IPHONEOS_DEPLOYMENT_TARGET = 17.0;
				LOCALIZATION_PREFERS_STRING_CATALOGS = YES;
				MTL_ENABLE_DEBUG_INFO = INCLUDE_SOURCE;
				MTL_FAST_MATH = YES;
				ONLY_ACTIVE_ARCH = YES;
				SDKROOT = iphoneos;
				SWIFT_ACTIVE_COMPILATION_CONDITIONS = "DEBUG $(inherited)";
				SWIFT_OPTIMIZATION_LEVEL = "-Onone";
			};
			name = Debug;
		};
		1474193D2AB37E0A00D94C56 /* Release */ = {
			isa = XCBuildConfiguration;
			buildSettings = {
				ALWAYS_SEARCH_USER_PATHS = NO;
				ASSETCATALOG_COMPILER_GENERATE_SWIFT_ASSET_SYMBOL_EXTENSIONS = YES;
				CLANG_ANALYZER_NONNULL = YES;
				CLANG_ANALYZER_NUMBER_OBJECT_CONVERSION = YES_AGGRESSIVE;
				CLANG_CXX_LANGUAGE_STANDARD = "gnu++20";
				CLANG_ENABLE_MODULES = YES;
				CLANG_ENABLE_OBJC_ARC = YES;
				CLANG_ENABLE_OBJC_WEAK = YES;
				CLANG_WARN_BLOCK_CAPTURE_AUTORELEASING = YES;
				CLANG_WARN_BOOL_CONVERSION = YES;
				CLANG_WARN_COMMA = YES;
				CLANG_WARN_CONSTANT_CONVERSION = YES;
				CLANG_WARN_DEPRECATED_OBJC_IMPLEMENTATIONS = YES;
				CLANG_WARN_DIRECT_OBJC_ISA_USAGE = YES_ERROR;
				CLANG_WARN_DOCUMENTATION_COMMENTS = YES;
				CLANG_WARN_EMPTY_BODY = YES;
				CLANG_WARN_ENUM_CONVERSION = YES;
				CLANG_WARN_INFINITE_RECURSION = YES;
				CLANG_WARN_INT_CONVERSION = YES;
				CLANG_WARN_NON_LITERAL_NULL_CONVERSION = YES;
				CLANG_WARN_OBJC_IMPLICIT_RETAIN_SELF = YES;
				CLANG_WARN_OBJC_LITERAL_CONVERSION = YES;
				CLANG_WARN_OBJC_ROOT_CLASS = YES_ERROR;
				CLANG_WARN_QUOTED_INCLUDE_IN_FRAMEWORK_HEADER = YES;
				CLANG_WARN_RANGE_LOOP_ANALYSIS = YES;
				CLANG_WARN_STRICT_PROTOTYPES = YES;
				CLANG_WARN_SUSPICIOUS_MOVE = YES;
				CLANG_WARN_UNGUARDED_AVAILABILITY = YES_AGGRESSIVE;
				CLANG_WARN_UNREACHABLE_CODE = YES;
				CLANG_WARN__DUPLICATE_METHOD_MATCH = YES;
				COPY_PHASE_STRIP = NO;
				DEBUG_INFORMATION_FORMAT = "dwarf-with-dsym";
				ENABLE_NS_ASSERTIONS = NO;
				ENABLE_STRICT_OBJC_MSGSEND = YES;
				ENABLE_USER_SCRIPT_SANDBOXING = YES;
				GCC_C_LANGUAGE_STANDARD = gnu17;
				GCC_NO_COMMON_BLOCKS = YES;
				GCC_WARN_64_TO_32_BIT_CONVERSION = YES;
				GCC_WARN_ABOUT_RETURN_TYPE = YES_ERROR;
				GCC_WARN_UNDECLARED_SELECTOR = YES;
				GCC_WARN_UNINITIALIZED_AUTOS = YES_AGGRESSIVE;
				GCC_WARN_UNUSED_FUNCTION = YES;
				GCC_WARN_UNUSED_VARIABLE = YES;
				IPHONEOS_DEPLOYMENT_TARGET = 17.0;
				LOCALIZATION_PREFERS_STRING_CATALOGS = YES;
				MTL_ENABLE_DEBUG_INFO = NO;
				MTL_FAST_MATH = YES;
				SDKROOT = iphoneos;
				SWIFT_COMPILATION_MODE = wholemodule;
				VALIDATE_PRODUCT = YES;
			};
			name = Release;
		};
		1474193F2AB37E0A00D94C56 /* Debug */ = {
			isa = XCBuildConfiguration;
			buildSettings = {
				ASSETCATALOG_COMPILER_APPICON_NAME = AppIcon;
				ASSETCATALOG_COMPILER_GLOBAL_ACCENT_COLOR_NAME = AccentColor;
				CODE_SIGN_STYLE = Automatic;
				CURRENT_PROJECT_VERSION = 1;
				DEVELOPMENT_ASSET_PATHS = "\"WhereIsIt/Preview Content\"";
				DEVELOPMENT_TEAM = KTUAP2Z2QF;
				ENABLE_PREVIEWS = YES;
				GENERATE_INFOPLIST_FILE = YES;
				INFOPLIST_KEY_NSLocationWhenInUseUsageDescription = "We need your location to find places near you";
				INFOPLIST_KEY_UIApplicationSceneManifest_Generation = YES;
				INFOPLIST_KEY_UIApplicationSupportsIndirectInputEvents = YES;
				INFOPLIST_KEY_UILaunchScreen_Generation = YES;
				INFOPLIST_KEY_UISupportedInterfaceOrientations_iPad = "UIInterfaceOrientationPortrait UIInterfaceOrientationPortraitUpsideDown UIInterfaceOrientationLandscapeLeft UIInterfaceOrientationLandscapeRight";
				INFOPLIST_KEY_UISupportedInterfaceOrientations_iPhone = "UIInterfaceOrientationPortrait UIInterfaceOrientationLandscapeLeft UIInterfaceOrientationLandscapeRight";
				LD_RUNPATH_SEARCH_PATHS = (
					"$(inherited)",
					"@executable_path/Frameworks",
				);
				MARKETING_VERSION = 1.0;
				PRODUCT_BUNDLE_IDENTIFIER = com.njdevelopment.WhereIsIt;
				PRODUCT_NAME = "$(TARGET_NAME)";
				SWIFT_EMIT_LOC_STRINGS = YES;
				SWIFT_VERSION = 5.0;
				TARGETED_DEVICE_FAMILY = "1,2";
			};
			name = Debug;
		};
		147419402AB37E0A00D94C56 /* Release */ = {
			isa = XCBuildConfiguration;
			buildSettings = {
				ASSETCATALOG_COMPILER_APPICON_NAME = AppIcon;
				ASSETCATALOG_COMPILER_GLOBAL_ACCENT_COLOR_NAME = AccentColor;
				CODE_SIGN_STYLE = Automatic;
				CURRENT_PROJECT_VERSION = 1;
				DEVELOPMENT_ASSET_PATHS = "\"WhereIsIt/Preview Content\"";
				DEVELOPMENT_TEAM = KTUAP2Z2QF;
				ENABLE_PREVIEWS = YES;
				GENERATE_INFOPLIST_FILE = YES;
				INFOPLIST_KEY_NSLocationWhenInUseUsageDescription = "We need your location to find places near you";
				INFOPLIST_KEY_UIApplicationSceneManifest_Generation = YES;
				INFOPLIST_KEY_UIApplicationSupportsIndirectInputEvents = YES;
				INFOPLIST_KEY_UILaunchScreen_Generation = YES;
				INFOPLIST_KEY_UISupportedInterfaceOrientations_iPad = "UIInterfaceOrientationPortrait UIInterfaceOrientationPortraitUpsideDown UIInterfaceOrientationLandscapeLeft UIInterfaceOrientationLandscapeRight";
				INFOPLIST_KEY_UISupportedInterfaceOrientations_iPhone = "UIInterfaceOrientationPortrait UIInterfaceOrientationLandscapeLeft UIInterfaceOrientationLandscapeRight";
				LD_RUNPATH_SEARCH_PATHS = (
					"$(inherited)",
					"@executable_path/Frameworks",
				);
				MARKETING_VERSION = 1.0;
				PRODUCT_BUNDLE_IDENTIFIER = com.njdevelopment.WhereIsIt;
				PRODUCT_NAME = "$(TARGET_NAME)";
				SWIFT_EMIT_LOC_STRINGS = YES;
				SWIFT_VERSION = 5.0;
				TARGETED_DEVICE_FAMILY = "1,2";
			};
			name = Release;
		};
/* End XCBuildConfiguration section */

/* Begin XCConfigurationList section */
		1474192B2AB37E0300D94C56 /* Build configuration list for PBXProject "WhereIsIt" */ = {
			isa = XCConfigurationList;
			buildConfigurations = (
				1474193C2AB37E0A00D94C56 /* Debug */,
				1474193D2AB37E0A00D94C56 /* Release */,
			);
			defaultConfigurationIsVisible = 0;
			defaultConfigurationName = Release;
		};
		1474193E2AB37E0A00D94C56 /* Build configuration list for PBXNativeTarget "WhereIsIt" */ = {
			isa = XCConfigurationList;
			buildConfigurations = (
				1474193F2AB37E0A00D94C56 /* Debug */,
				147419402AB37E0A00D94C56 /* Release */,
			);
			defaultConfigurationIsVisible = 0;
			defaultConfigurationName = Release;
		};
/* End XCConfigurationList section */
	};
	rootObject = 147419282AB37E0300D94C56 /* Project object */;
}
